{
  "name": "dobbie",
  "version": "1.0.1",
  "lockfileVersion": 1,
  "requires": true,
  "dependencies": {
    "bintrees": {
      "version": "1.0.2",
      "resolved": "https://registry.npmjs.org/bintrees/-/bintrees-1.0.2.tgz",
      "integrity": "sha1-SfiW1uhYpKSZ34XDj7OZua/4QPg="
    },
    "colors": {
      "version": "1.1.2",
      "resolved": "https://registry.npmjs.org/colors/-/colors-1.1.2.tgz",
      "integrity": "sha1-FopHAXVran9RoSzgyXv6KMCE7WM="
    },
    "commander": {
      "version": "2.11.0",
      "resolved": "https://registry.npmjs.org/commander/-/commander-2.11.0.tgz",
      "integrity": "sha512-b0553uYA5YAEGgyYIGYROzKQ7X5RAqedkfjiZxwi0kL1g3bOaBNNZfYkzt/CL0umgD5wc9Jec2FbB98CjkMRvQ=="
    },
    "fero": {
      "version": "1.1.0",
      "resolved": "https://registry.npmjs.org/fero/-/fero-1.1.0.tgz",
      "integrity": "sha512-28Cb7GPSrGO95+bhYkDOj75XeKdEOZQ6Aqm0rtr2wNvJJnHw3/GouAe/Ih8NIvlGP+U8rDisjgTUndOYxsYRmA==",
      "requires": {
        "bintrees": "1.0.2",
        "colors": "1.1.2",
        "lodash.merge": "4.6.0",
        "lodash.shuffle": "4.2.0",
        "minimist": "1.2.0",
        "utilise": "2.1.4"
      }
    },
    "lodash.merge": {
      "version": "4.6.0",
      "resolved": "https://registry.npmjs.org/lodash.merge/-/lodash.merge-4.6.0.tgz",
      "integrity": "sha1-aYhLoUSsM/5plzemCG3v+t0PicU="
    },
    "lodash.shuffle": {
      "version": "4.2.0",
      "resolved": "https://registry.npmjs.org/lodash.shuffle/-/lodash.shuffle-4.2.0.tgz",
      "integrity": "sha1-FFtQU8+HX29cKjP0i26ZSMbse0s="
    },
    "minimist": {
      "version": "1.2.0",
      "resolved": "https://registry.npmjs.org/minimist/-/minimist-1.2.0.tgz",
      "integrity": "sha1-o1AIsg9BOD7sH7kU9M1d95omQoQ="
    },
    "source-map": {
      "version": "0.5.7",
      "resolved": "https://registry.npmjs.org/source-map/-/source-map-0.5.7.tgz",
      "integrity": "sha1-igOdLRAh0i0eoUyA2OpGi6LvP8w="
    },
    "through": {
      "version": "2.3.8",
      "resolved": "https://registry.npmjs.org/through/-/through-2.3.8.tgz",
      "integrity": "sha1-DdTJ/6q8NXlgsbckEV1+Doai4fU="
    },
    "uglify-es": {
      "version": "3.1.0",
      "resolved": "https://registry.npmjs.org/uglify-es/-/uglify-es-3.1.0.tgz",
      "integrity": "sha512-368gRJ/ww3e9c8eJLAFM6sco4ndsg7d2MskNusejep0kvd7VCqNj/q/zrDG/1KwS+EWfTxJKTj7UyLN+zz+gyg==",
      "requires": {
        "commander": "2.11.0",
        "source-map": "0.5.7"
      }
    },
    "utilise": {
      "version": "2.1.4",
      "resolved": "https://registry.npmjs.org/utilise/-/utilise-2.1.4.tgz",
      "integrity": "sha1-TV4BGvdUBNmjOggyUt93dA6jF8Q=",
      "requires": {
        "colors": "1.1.2",
        "through": "2.3.8",
        "uglify-es": "3.1.0"
      }
    }
  }
}
